
Microsoft Visual Studio Solution File, Format Version 12.00
# Visual Studio Version 17
VisualStudioVersion = 17.4.33213.308
MinimumVisualStudioVersion = 10.0.40219.1
Project("{FAE04EC0-301F-11D3-BF4B-00C04F79EFBC}") = "STelecom", "STelecom\STelecom.csproj", "{BFFC18C1-300C-4B30-8AF9-9209298EC23B}"
EndProject
Global
	GlobalSection(SolutionConfigurationPlatforms) = preSolution
		Debug|Any CPU = Debug|Any CPU
		Release|Any CPU = Release|Any CPU
	EndGlobalSection
	GlobalSection(ProjectConfigurationPlatforms) = postSolution
		{BFFC18C1-300C-4B30-8AF9-9209298EC23B}.Debug|Any CPU.ActiveCfg = Debug|Any CPU
		{BFFC18C1-300C-4B30-8AF9-9209298EC23B}.Debug|Any CPU.Build.0 = Debug|Any CPU
		{BFFC18C1-300C-4B30-8AF9-9209298EC23B}.Release|Any CPU.ActiveCfg = Release|Any CPU
		{BFFC18C1-300C-4B30-8AF9-9209298EC23B}.Release|Any CPU.Build.0 = Release|Any CPU
	EndGlobalSection
	GlobalSection(SolutionProperties) = preSolution
		HideSolutionNode = FALSE
	EndGlobalSection
	GlobalSection(ExtensibilityGlobals) = postSolution
		SolutionGuid = {4335D221-4C8B-497D-93AB-13976C604831}
	EndGlobalSection
EndGlobal
